
Microsoft Visual Studio Solution File, Format Version 12.00
# Visual Studio Version 16
VisualStudioVersion = 16.0.30413.136
MinimumVisualStudioVersion = 10.0.40219.1
Project("{FAE04EC0-301F-11D3-BF4B-00C04F79EFBC}") = "GUI2-FileExplorer", "GUI2-FileExplorer.csproj", "{C7793A24-C780-4038-9EEB-271040CB203B}"
EndProject
Global
	GlobalSection(SolutionConfigurationPlatforms) = preSolution
		Debug|Any CPU = Debug|Any CPU
		Release|Any CPU = Release|Any CPU
	EndGlobalSection
	GlobalSection(ProjectConfigurationPlatforms) = postSolution
		{C7793A24-C780-4038-9EEB-271040CB203B}.Debug|Any CPU.ActiveCfg = Debug|Any CPU
		{C7793A24-C780-4038-9EEB-271040CB203B}.Debug|Any CPU.Build.0 = Debug|Any CPU
		{C7793A24-C780-4038-9EEB-271040CB203B}.Release|Any CPU.ActiveCfg = Release|Any CPU
		{C7793A24-C780-4038-9EEB-271040CB203B}.Release|Any CPU.Build.0 = Release|Any CPU
	EndGlobalSection
	GlobalSection(SolutionProperties) = preSolution
		HideSolutionNode = FALSE
	EndGlobalSection
	GlobalSection(ExtensibilityGlobals) = postSolution
		SolutionGuid = {96D1CA3F-D400-470B-BD1C-298D5649C086}
	EndGlobalSection
EndGlobal
